
Microsoft Visual Studio Solution File, Format Version 12.00
Project("{FAE04EC0-301F-11D3-BF4B-00C04F79EFBC}") = "ArtsofteMain", "ArtsofteMain\ArtsofteMain.csproj", "{78DEDA39-3D82-4608-95B4-C13E0CD7171C}"
EndProject
Project("{FAE04EC0-301F-11D3-BF4B-00C04F79EFBC}") = "ArtsofteDAL", "ArtsofteDAL\ArtsofteDAL.csproj", "{C73AA9FE-2924-4359-B75B-0E2FBADC232D}"
EndProject
Global
	GlobalSection(SolutionConfigurationPlatforms) = preSolution
		Debug|Any CPU = Debug|Any CPU
		Release|Any CPU = Release|Any CPU
	EndGlobalSection
	GlobalSection(ProjectConfigurationPlatforms) = postSolution
		{78DEDA39-3D82-4608-95B4-C13E0CD7171C}.Debug|Any CPU.ActiveCfg = Debug|Any CPU
		{78DEDA39-3D82-4608-95B4-C13E0CD7171C}.Debug|Any CPU.Build.0 = Debug|Any CPU
		{78DEDA39-3D82-4608-95B4-C13E0CD7171C}.Release|Any CPU.ActiveCfg = Release|Any CPU
		{78DEDA39-3D82-4608-95B4-C13E0CD7171C}.Release|Any CPU.Build.0 = Release|Any CPU
		{C73AA9FE-2924-4359-B75B-0E2FBADC232D}.Debug|Any CPU.ActiveCfg = Debug|Any CPU
		{C73AA9FE-2924-4359-B75B-0E2FBADC232D}.Debug|Any CPU.Build.0 = Debug|Any CPU
		{C73AA9FE-2924-4359-B75B-0E2FBADC232D}.Release|Any CPU.ActiveCfg = Release|Any CPU
		{C73AA9FE-2924-4359-B75B-0E2FBADC232D}.Release|Any CPU.Build.0 = Release|Any CPU
	EndGlobalSection
EndGlobal
